{
  "name": "NewProject",
  "requires": true,
  "lockfileVersion": 1,
  "dependencies": {
    "@sentry-internal/tracing": {
      "version": "7.51.0",
      "resolved": "https://registry.npmmirror.com/@sentry-internal/tracing/-/tracing-7.51.0.tgz",
      "integrity": "sha512-mhXl4B02OQq6/vevjX04OchmQbxPRaLci9vTTPcPcIz/n+wkum29ze35gHcJsPJUesScjd0m19Xou3C8fNnZRA==",
      "requires": {
        "@sentry/core": "7.51.0",
        "@sentry/types": "7.51.0",
        "@sentry/utils": "7.51.0",
        "tslib": "^1.9.3"
      }
    },
    "@sentry/browser": {
      "version": "7.51.0",
      "resolved": "https://registry.npmmirror.com/@sentry/browser/-/browser-7.51.0.tgz",
      "integrity": "sha512-SqaXM9qhGnSqEcdWEnzHKKkCLcMzE0cAc/Y6VQOttGjkP3KRW8INdWrN7F0ySBdy6BMar6ViDJKhB6cMKsuCIg==",
      "requires": {
        "@sentry-internal/tracing": "7.51.0",
        "@sentry/core": "7.51.0",
        "@sentry/replay": "7.51.0",
        "@sentry/types": "7.51.0",
        "@sentry/utils": "7.51.0",
        "tslib": "^1.9.3"
      }
    },
    "@sentry/core": {
      "version": "7.51.0",
      "resolved": "https://registry.npmmirror.com/@sentry/core/-/core-7.51.0.tgz",
      "integrity": "sha512-GgYwlXU8Y1kDEHsJO1Bmr2CNan5BzoNRR0TDBmxRgI/DgTNNSYrXeFDELgPi9/p/0XENeuttzDZ3iYd1nF7meA==",
      "requires": {
        "@sentry/types": "7.51.0",
        "@sentry/utils": "7.51.0",
        "tslib": "^1.9.3"
      }
    },
    "@sentry/replay": {
      "version": "7.51.0",
      "resolved": "https://registry.npmmirror.com/@sentry/replay/-/replay-7.51.0.tgz",
      "integrity": "sha512-3jv+chhhlOVFjPKYJOEJy+J+9yTUEHxybZ0tTwGZYOJp9T8HdO21L6NjYk5b9wEqJonhZHp1BiQnzG82NLDkSQ==",
      "requires": {
        "@sentry/core": "7.51.0",
        "@sentry/types": "7.51.0",
        "@sentry/utils": "7.51.0"
      }
    },
    "@sentry/types": {
      "version": "7.51.0",
      "resolved": "https://registry.npmmirror.com/@sentry/types/-/types-7.51.0.tgz",
      "integrity": "sha512-8REzzY0DslDryp6Yxj+tJ4NkXFHulLW9k8dgZV2Qo/0rBDMKir8g0IHYeN8ZBcnWrx2F+6rQb6uN6BjyLZY7Dg=="
    },
    "@sentry/utils": {
      "version": "7.51.0",
      "resolved": "https://registry.npmmirror.com/@sentry/utils/-/utils-7.51.0.tgz",
      "integrity": "sha512-y5zq4IfZDCm6cg0EQJMghUM4YjZToFni7J5OKopLXKVtc9YtRtkYoFuFqEWm4HBuBwplreiS/KkDQgWn3FVn7A==",
      "requires": {
        "@sentry/types": "7.51.0",
        "tslib": "^1.9.3"
      }
    },
    "tslib": {
      "version": "1.14.1",
      "resolved": "https://registry.npmmirror.com/tslib/-/tslib-1.14.1.tgz",
      "integrity": "sha512-Xni35NKzjgMrwevysHTCArtLDpPvye8zV/0E4EyYn43P7/7qvQwPh9BGkHewbMulVntbigmcT7rdX3BNo9wRJg=="
    }
  }
}
